
Microsoft Visual Studio Solution File, Format Version 12.00
# Visual Studio Version 17
VisualStudioVersion = 17.3.32901.215
MinimumVisualStudioVersion = 10.0.40219.1
Project("{9A19103F-16F7-4668-BE54-9A1E7A4F7556}") = "Xolit.Api", "Xolit.Api\Xolit.Api.csproj", "{E0B4AB73-402C-411D-9B39-A9CD02B3B2DA}"
EndProject
Project("{9A19103F-16F7-4668-BE54-9A1E7A4F7556}") = "Xolit.Api.BusinessServices", "Xolit.Api.BusinessServices\Xolit.Api.BusinessServices.csproj", "{F8F4BE59-8979-4761-94BE-29E7D5420911}"
EndProject
Project("{9A19103F-16F7-4668-BE54-9A1E7A4F7556}") = "Xolit.Api.Model", "Xolit.Api.Model\Xolit.Api.Model.csproj", "{54329007-F797-48F2-943B-26E5B28DB3A9}"
EndProject
Project("{9A19103F-16F7-4668-BE54-9A1E7A4F7556}") = "Xolit.Api.Repository", "Xolit.Api.Repository\Xolit.Api.Repository.csproj", "{BC23ED1C-AEEC-4A50-B46F-1D2EFCB71AEF}"
EndProject
Project("{9A19103F-16F7-4668-BE54-9A1E7A4F7556}") = "Xolit.Api.Services", "Xolit.Api.Services\Xolit.Api.Services.csproj", "{B4D1F70E-46B6-4F50-A853-6D8DD3A7793F}"
EndProject
Project("{FAE04EC0-301F-11D3-BF4B-00C04F79EFBC}") = "Xolit.Api.BusinessServices.Test", "Xolit.Api.BusinessServices.Test\Xolit.Api.BusinessServices.Test.csproj", "{6B65EE16-689A-43FE-9D63-F8D7E00374DD}"
EndProject
Global
	GlobalSection(SolutionConfigurationPlatforms) = preSolution
		Debug|Any CPU = Debug|Any CPU
		Debug|x64 = Debug|x64
		Debug|x86 = Debug|x86
		Release|Any CPU = Release|Any CPU
		Release|x64 = Release|x64
		Release|x86 = Release|x86
	EndGlobalSection
	GlobalSection(ProjectConfigurationPlatforms) = postSolution
		{E0B4AB73-402C-411D-9B39-A9CD02B3B2DA}.Debug|Any CPU.ActiveCfg = Debug|Any CPU
		{E0B4AB73-402C-411D-9B39-A9CD02B3B2DA}.Debug|Any CPU.Build.0 = Debug|Any CPU
		{E0B4AB73-402C-411D-9B39-A9CD02B3B2DA}.Debug|x64.ActiveCfg = Debug|Any CPU
		{E0B4AB73-402C-411D-9B39-A9CD02B3B2DA}.Debug|x64.Build.0 = Debug|Any CPU
		{E0B4AB73-402C-411D-9B39-A9CD02B3B2DA}.Debug|x86.ActiveCfg = Debug|Any CPU
		{E0B4AB73-402C-411D-9B39-A9CD02B3B2DA}.Debug|x86.Build.0 = Debug|Any CPU
		{E0B4AB73-402C-411D-9B39-A9CD02B3B2DA}.Release|Any CPU.ActiveCfg = Release|Any CPU
		{E0B4AB73-402C-411D-9B39-A9CD02B3B2DA}.Release|Any CPU.Build.0 = Release|Any CPU
		{E0B4AB73-402C-411D-9B39-A9CD02B3B2DA}.Release|x64.ActiveCfg = Release|Any CPU
		{E0B4AB73-402C-411D-9B39-A9CD02B3B2DA}.Release|x64.Build.0 = Release|Any CPU
		{E0B4AB73-402C-411D-9B39-A9CD02B3B2DA}.Release|x86.ActiveCfg = Release|Any CPU
		{E0B4AB73-402C-411D-9B39-A9CD02B3B2DA}.Release|x86.Build.0 = Release|Any CPU
		{F8F4BE59-8979-4761-94BE-29E7D5420911}.Debug|Any CPU.ActiveCfg = Debug|Any CPU
		{F8F4BE59-8979-4761-94BE-29E7D5420911}.Debug|Any CPU.Build.0 = Debug|Any CPU
		{F8F4BE59-8979-4761-94BE-29E7D5420911}.Debug|x64.ActiveCfg = Debug|Any CPU
		{F8F4BE59-8979-4761-94BE-29E7D5420911}.Debug|x64.Build.0 = Debug|Any CPU
		{F8F4BE59-8979-4761-94BE-29E7D5420911}.Debug|x86.ActiveCfg = Debug|Any CPU
		{F8F4BE59-8979-4761-94BE-29E7D5420911}.Debug|x86.Build.0 = Debug|Any CPU
		{F8F4BE59-8979-4761-94BE-29E7D5420911}.Release|Any CPU.ActiveCfg = Release|Any CPU
		{F8F4BE59-8979-4761-94BE-29E7D5420911}.Release|Any CPU.Build.0 = Release|Any CPU
		{F8F4BE59-8979-4761-94BE-29E7D5420911}.Release|x64.ActiveCfg = Release|Any CPU
		{F8F4BE59-8979-4761-94BE-29E7D5420911}.Release|x64.Build.0 = Release|Any CPU
		{F8F4BE59-8979-4761-94BE-29E7D5420911}.Release|x86.ActiveCfg = Release|Any CPU
		{F8F4BE59-8979-4761-94BE-29E7D5420911}.Release|x86.Build.0 = Release|Any CPU
		{54329007-F797-48F2-943B-26E5B28DB3A9}.Debug|Any CPU.ActiveCfg = Debug|Any CPU
		{54329007-F797-48F2-943B-26E5B28DB3A9}.Debug|Any CPU.Build.0 = Debug|Any CPU
		{54329007-F797-48F2-943B-26E5B28DB3A9}.Debug|x64.ActiveCfg = Debug|Any CPU
		{54329007-F797-48F2-943B-26E5B28DB3A9}.Debug|x64.Build.0 = Debug|Any CPU
		{54329007-F797-48F2-943B-26E5B28DB3A9}.Debug|x86.ActiveCfg = Debug|Any CPU
		{54329007-F797-48F2-943B-26E5B28DB3A9}.Debug|x86.Build.0 = Debug|Any CPU
		{54329007-F797-48F2-943B-26E5B28DB3A9}.Release|Any CPU.ActiveCfg = Release|Any CPU
		{54329007-F797-48F2-943B-26E5B28DB3A9}.Release|Any CPU.Build.0 = Release|Any CPU
		{54329007-F797-48F2-943B-26E5B28DB3A9}.Release|x64.ActiveCfg = Release|Any CPU
		{54329007-F797-48F2-943B-26E5B28DB3A9}.Release|x64.Build.0 = Release|Any CPU
		{54329007-F797-48F2-943B-26E5B28DB3A9}.Release|x86.ActiveCfg = Release|Any CPU
		{54329007-F797-48F2-943B-26E5B28DB3A9}.Release|x86.Build.0 = Release|Any CPU
		{BC23ED1C-AEEC-4A50-B46F-1D2EFCB71AEF}.Debug|Any CPU.ActiveCfg = Debug|Any CPU
		{BC23ED1C-AEEC-4A50-B46F-1D2EFCB71AEF}.Debug|Any CPU.Build.0 = Debug|Any CPU
		{BC23ED1C-AEEC-4A50-B46F-1D2EFCB71AEF}.Debug|x64.ActiveCfg = Debug|Any CPU
		{BC23ED1C-AEEC-4A50-B46F-1D2EFCB71AEF}.Debug|x64.Build.0 = Debug|Any CPU
		{BC23ED1C-AEEC-4A50-B46F-1D2EFCB71AEF}.Debug|x86.ActiveCfg = Debug|Any CPU
		{BC23ED1C-AEEC-4A50-B46F-1D2EFCB71AEF}.Debug|x86.Build.0 = Debug|Any CPU
		{BC23ED1C-AEEC-4A50-B46F-1D2EFCB71AEF}.Release|Any CPU.ActiveCfg = Release|Any CPU
		{BC23ED1C-AEEC-4A50-B46F-1D2EFCB71AEF}.Release|Any CPU.Build.0 = Release|Any CPU
		{BC23ED1C-AEEC-4A50-B46F-1D2EFCB71AEF}.Release|x64.ActiveCfg = Release|Any CPU
		{BC23ED1C-AEEC-4A50-B46F-1D2EFCB71AEF}.Release|x64.Build.0 = Release|Any CPU
		{BC23ED1C-AEEC-4A50-B46F-1D2EFCB71AEF}.Release|x86.ActiveCfg = Release|Any CPU
		{BC23ED1C-AEEC-4A50-B46F-1D2EFCB71AEF}.Release|x86.Build.0 = Release|Any CPU
		{B4D1F70E-46B6-4F50-A853-6D8DD3A7793F}.Debug|Any CPU.ActiveCfg = Debug|Any CPU
		{B4D1F70E-46B6-4F50-A853-6D8DD3A7793F}.Debug|Any CPU.Build.0 = Debug|Any CPU
		{B4D1F70E-46B6-4F50-A853-6D8DD3A7793F}.Debug|x64.ActiveCfg = Debug|Any CPU
		{B4D1F70E-46B6-4F50-A853-6D8DD3A7793F}.Debug|x64.Build.0 = Debug|Any CPU
		{B4D1F70E-46B6-4F50-A853-6D8DD3A7793F}.Debug|x86.ActiveCfg = Debug|Any CPU
		{B4D1F70E-46B6-4F50-A853-6D8DD3A7793F}.Debug|x86.Build.0 = Debug|Any CPU
		{B4D1F70E-46B6-4F50-A853-6D8DD3A7793F}.Release|Any CPU.ActiveCfg = Release|Any CPU
		{B4D1F70E-46B6-4F50-A853-6D8DD3A7793F}.Release|Any CPU.Build.0 = Release|Any CPU
		{B4D1F70E-46B6-4F50-A853-6D8DD3A7793F}.Release|x64.ActiveCfg = Release|Any CPU
		{B4D1F70E-46B6-4F50-A853-6D8DD3A7793F}.Release|x64.Build.0 = Release|Any CPU
		{B4D1F70E-46B6-4F50-A853-6D8DD3A7793F}.Release|x86.ActiveCfg = Release|Any CPU
		{B4D1F70E-46B6-4F50-A853-6D8DD3A7793F}.Release|x86.Build.0 = Release|Any CPU
		{6B65EE16-689A-43FE-9D63-F8D7E00374DD}.Debug|Any CPU.ActiveCfg = Debug|Any CPU
		{6B65EE16-689A-43FE-9D63-F8D7E00374DD}.Debug|Any CPU.Build.0 = Debug|Any CPU
		{6B65EE16-689A-43FE-9D63-F8D7E00374DD}.Debug|x64.ActiveCfg = Debug|Any CPU
		{6B65EE16-689A-43FE-9D63-F8D7E00374DD}.Debug|x64.Build.0 = Debug|Any CPU
		{6B65EE16-689A-43FE-9D63-F8D7E00374DD}.Debug|x86.ActiveCfg = Debug|Any CPU
		{6B65EE16-689A-43FE-9D63-F8D7E00374DD}.Debug|x86.Build.0 = Debug|Any CPU
		{6B65EE16-689A-43FE-9D63-F8D7E00374DD}.Release|Any CPU.ActiveCfg = Release|Any CPU
		{6B65EE16-689A-43FE-9D63-F8D7E00374DD}.Release|Any CPU.Build.0 = Release|Any CPU
		{6B65EE16-689A-43FE-9D63-F8D7E00374DD}.Release|x64.ActiveCfg = Release|Any CPU
		{6B65EE16-689A-43FE-9D63-F8D7E00374DD}.Release|x64.Build.0 = Release|Any CPU
		{6B65EE16-689A-43FE-9D63-F8D7E00374DD}.Release|x86.ActiveCfg = Release|Any CPU
		{6B65EE16-689A-43FE-9D63-F8D7E00374DD}.Release|x86.Build.0 = Release|Any CPU
	EndGlobalSection
	GlobalSection(SolutionProperties) = preSolution
		HideSolutionNode = FALSE
	EndGlobalSection
	GlobalSection(ExtensibilityGlobals) = postSolution
		SolutionGuid = {EE7B6025-D646-4C88-951D-2A510C612D55}
	EndGlobalSection
EndGlobal
